FORGE
  remote: https://forgeapi.puppetlabs.com
  specs:
    puppetlabs-apt (1.7.0)
      puppetlabs-stdlib (>= 2.2.1)
    puppetlabs-java (1.3.0)
      puppetlabs-stdlib (>= 2.4.0)
    puppetlabs-stdlib (4.5.1)

GIT
  remote: git://github.com/jbussdieker/puppet-activemq.git
  ref: master
  sha: 6b4bbfead647a6963ebf5b33eba26f0aa9f39bb1
  specs:
    jbussdieker-activemq (0.0.2)
      puppetlabs-java (>= 0)

GIT
  remote: git://github.com/jbussdieker/puppet-mcollective.git
  ref: master
  sha: 4ab145ea0d30508a78835f9c27bf1a74fe584f62
  specs:
    jbussdieker-mcollective (0.0.2)

DEPENDENCIES
  jbussdieker-activemq (>= 0)
  jbussdieker-mcollective (>= 0)
  puppetlabs-apt (>= 0)

